
Microsoft Visual Studio Solution File, Format Version 12.00
# Visual Studio Version 16
VisualStudioVersion = 16.0.30717.126
MinimumVisualStudioVersion = 10.0.40219.1
Project("{8BC9CEB8-8B4A-11D0-8D11-00A0C91BC942}") = "IRQL", "IRQL\IRQL.vcxproj", "{62B71595-E67C-4AAD-BA7F-06495D03BBF2}"
EndProject
Global
	GlobalSection(SolutionConfigurationPlatforms) = preSolution
		Debug|ARM = Debug|ARM
		Debug|ARM64 = Debug|ARM64
		Debug|x64 = Debug|x64
		Debug|x86 = Debug|x86
		Release|ARM = Release|ARM
		Release|ARM64 = Release|ARM64
		Release|x64 = Release|x64
		Release|x86 = Release|x86
	EndGlobalSection
	GlobalSection(ProjectConfigurationPlatforms) = postSolution
		{62B71595-E67C-4AAD-BA7F-06495D03BBF2}.Debug|ARM.ActiveCfg = Debug|ARM
		{62B71595-E67C-4AAD-BA7F-06495D03BBF2}.Debug|ARM.Build.0 = Debug|ARM
		{62B71595-E67C-4AAD-BA7F-06495D03BBF2}.Debug|ARM.Deploy.0 = Debug|ARM
		{62B71595-E67C-4AAD-BA7F-06495D03BBF2}.Debug|ARM64.ActiveCfg = Debug|ARM64
		{62B71595-E67C-4AAD-BA7F-06495D03BBF2}.Debug|ARM64.Build.0 = Debug|ARM64
		{62B71595-E67C-4AAD-BA7F-06495D03BBF2}.Debug|ARM64.Deploy.0 = Debug|ARM64
		{62B71595-E67C-4AAD-BA7F-06495D03BBF2}.Debug|x64.ActiveCfg = Debug|x64
		{62B71595-E67C-4AAD-BA7F-06495D03BBF2}.Debug|x64.Build.0 = Debug|x64
		{62B71595-E67C-4AAD-BA7F-06495D03BBF2}.Debug|x64.Deploy.0 = Debug|x64
		{62B71595-E67C-4AAD-BA7F-06495D03BBF2}.Debug|x86.ActiveCfg = Debug|Win32
		{62B71595-E67C-4AAD-BA7F-06495D03BBF2}.Debug|x86.Build.0 = Debug|Win32
		{62B71595-E67C-4AAD-BA7F-06495D03BBF2}.Debug|x86.Deploy.0 = Debug|Win32
		{62B71595-E67C-4AAD-BA7F-06495D03BBF2}.Release|ARM.ActiveCfg = Release|ARM
		{62B71595-E67C-4AAD-BA7F-06495D03BBF2}.Release|ARM.Build.0 = Release|ARM
		{62B71595-E67C-4AAD-BA7F-06495D03BBF2}.Release|ARM.Deploy.0 = Release|ARM
		{62B71595-E67C-4AAD-BA7F-06495D03BBF2}.Release|ARM64.ActiveCfg = Release|ARM64
		{62B71595-E67C-4AAD-BA7F-06495D03BBF2}.Release|ARM64.Build.0 = Release|ARM64
		{62B71595-E67C-4AAD-BA7F-06495D03BBF2}.Release|ARM64.Deploy.0 = Release|ARM64
		{62B71595-E67C-4AAD-BA7F-06495D03BBF2}.Release|x64.ActiveCfg = Release|x64
		{62B71595-E67C-4AAD-BA7F-06495D03BBF2}.Release|x64.Build.0 = Release|x64
		{62B71595-E67C-4AAD-BA7F-06495D03BBF2}.Release|x64.Deploy.0 = Release|x64
		{62B71595-E67C-4AAD-BA7F-06495D03BBF2}.Release|x86.ActiveCfg = Release|Win32
		{62B71595-E67C-4AAD-BA7F-06495D03BBF2}.Release|x86.Build.0 = Release|Win32
		{62B71595-E67C-4AAD-BA7F-06495D03BBF2}.Release|x86.Deploy.0 = Release|Win32
	EndGlobalSection
	GlobalSection(SolutionProperties) = preSolution
		HideSolutionNode = FALSE
	EndGlobalSection
	GlobalSection(ExtensibilityGlobals) = postSolution
		SolutionGuid = {1AD21F3B-7621-4542-B8FC-B670301259B7}
	EndGlobalSection
EndGlobal
